
Microsoft Visual Studio Solution File, Format Version 12.00
Project("{FAE04EC0-301F-11D3-BF4B-00C04F79EFBC}") = "CodeWars.TestRunner", "CodeWars.TestRunner\CodeWars.TestRunner.csproj", "{395A6D41-3670-445B-865A-E6761E70642D}"
EndProject
Project("{FAE04EC0-301F-11D3-BF4B-00C04F79EFBC}") = "CodeWars.Solution", "CodeWars.Solution\CodeWars.Solution.csproj", "{64CEF8D5-E3EA-485E-AE73-9D1F96362EC1}"
EndProject
Global
	GlobalSection(SolutionConfigurationPlatforms) = preSolution
		Debug|Any CPU = Debug|Any CPU
		Release|Any CPU = Release|Any CPU
	EndGlobalSection
	GlobalSection(ProjectConfigurationPlatforms) = postSolution
		{395A6D41-3670-445B-865A-E6761E70642D}.Debug|Any CPU.ActiveCfg = Debug|Any CPU
		{395A6D41-3670-445B-865A-E6761E70642D}.Debug|Any CPU.Build.0 = Debug|Any CPU
		{395A6D41-3670-445B-865A-E6761E70642D}.Release|Any CPU.ActiveCfg = Release|Any CPU
		{395A6D41-3670-445B-865A-E6761E70642D}.Release|Any CPU.Build.0 = Release|Any CPU
		{64CEF8D5-E3EA-485E-AE73-9D1F96362EC1}.Debug|Any CPU.ActiveCfg = Debug|Any CPU
		{64CEF8D5-E3EA-485E-AE73-9D1F96362EC1}.Debug|Any CPU.Build.0 = Debug|Any CPU
		{64CEF8D5-E3EA-485E-AE73-9D1F96362EC1}.Release|Any CPU.ActiveCfg = Release|Any CPU
		{64CEF8D5-E3EA-485E-AE73-9D1F96362EC1}.Release|Any CPU.Build.0 = Release|Any CPU
	EndGlobalSection
EndGlobal
